
Microsoft Visual Studio Solution File, Format Version 12.00
# Visual Studio Version 16
VisualStudioVersion = 16.0.31025.194
MinimumVisualStudioVersion = 10.0.40219.1
Project("{9A19103F-16F7-4668-BE54-9A1E7A4F7556}") = "BankSystem", "..\repositiry\BankSystem\BankSystem.csproj", "{67465D5F-03E0-4EAD-B089-CAB7CC47F129}"
EndProject
Global
	GlobalSection(SolutionConfigurationPlatforms) = preSolution
		Debug|Any CPU = Debug|Any CPU
		Release|Any CPU = Release|Any CPU
	EndGlobalSection
	GlobalSection(ProjectConfigurationPlatforms) = postSolution
		{67465D5F-03E0-4EAD-B089-CAB7CC47F129}.Debug|Any CPU.ActiveCfg = Debug|Any CPU
		{67465D5F-03E0-4EAD-B089-CAB7CC47F129}.Debug|Any CPU.Build.0 = Debug|Any CPU
		{67465D5F-03E0-4EAD-B089-CAB7CC47F129}.Release|Any CPU.ActiveCfg = Release|Any CPU
		{67465D5F-03E0-4EAD-B089-CAB7CC47F129}.Release|Any CPU.Build.0 = Release|Any CPU
	EndGlobalSection
	GlobalSection(SolutionProperties) = preSolution
		HideSolutionNode = FALSE
	EndGlobalSection
	GlobalSection(ExtensibilityGlobals) = postSolution
		SolutionGuid = {35937559-AB23-4B28-B601-4542879BB567}
	EndGlobalSection
EndGlobal
